// !$*UTF8*$!
{
	archiveVersion = 1;
	classes = {
	};
	objectVersion = 48;
	objects = {

/* Begin PBXBuildFile section */
		BB92CDED1FB29F34001E5BA7 /* AppDelegate.swift in Sources */ = {isa = PBXBuildFile; fileRef = BB92CDEC1FB29F34001E5BA7 /* AppDelegate.swift */; };
		BB92CDEF1FB29F34001E5BA7 /* ViewController.swift in Sources */ = {isa = PBXBuildFile; fileRef = BB92CDEE1FB29F34001E5BA7 /* ViewController.swift */; };
		BB92CDF21FB29F34001E5BA7 /* Main.storyboard in Resources */ = {isa = PBXBuildFile; fileRef = BB92CDF01FB29F34001E5BA7 /* Main.storyboard */; };
		BB92CDF51FB29F34001E5BA7 /* iOSHomework.xcdatamodeld in Sources */ = {isa = PBXBuildFile; fileRef = BB92CDF31FB29F34001E5BA7 /* iOSHomework.xcdatamodeld */; };
		BB92CDF71FB29F34001E5BA7 /* Assets.xcassets in Resources */ = {isa = PBXBuildFile; fileRef = BB92CDF61FB29F34001E5BA7 /* Assets.xcassets */; };
		BB92CDFA1FB29F34001E5BA7 /* LaunchScreen.storyboard in Resources */ = {isa = PBXBuildFile; fileRef = BB92CDF81FB29F34001E5BA7 /* LaunchScreen.storyboard */; };
		BB92CE051FB29F35001E5BA7 /* iOSHomeworkTests.swift in Sources */ = {isa = PBXBuildFile; fileRef = BB92CE041FB29F35001E5BA7 /* iOSHomeworkTests.swift */; };
		BB92CE101FB29F35001E5BA7 /* iOSHomeworkUITests.swift in Sources */ = {isa = PBXBuildFile; fileRef = BB92CE0F1FB29F35001E5BA7 /* iOSHomeworkUITests.swift */; };
/* End PBXBuildFile section */

/* Begin PBXContainerItemProxy section */
		BB92CE011FB29F35001E5BA7 /* PBXContainerItemProxy */ = {
			isa = PBXContainerItemProxy;
			containerPortal = BB92CDE11FB29F34001E5BA7 /* Project object */;
			proxyType = 1;
			remoteGlobalIDString = BB92CDE81FB29F34001E5BA7;
			remoteInfo = iOSHomework;
		};
		BB92CE0C1FB29F35001E5BA7 /* PBXContainerItemProxy */ = {
			isa = PBXContainerItemProxy;
			containerPortal = BB92CDE11FB29F34001E5BA7 /* Project object */;
			proxyType = 1;
			remoteGlobalIDString = BB92CDE81FB29F34001E5BA7;
			remoteInfo = iOSHomework;
		};
/* End PBXContainerItemProxy section */

/* Begin PBXFileReference section */
		BB92CDE91FB29F34001E5BA7 /* iOSHomework.app */ = {isa = PBXFileReference; explicitFileType = wrapper.application; includeInIndex = 0; path = iOSHomework.app; sourceTree = BUILT_PRODUCTS_DIR; };
		BB92CDEC1FB29F34001E5BA7 /* AppDelegate.swift */ = {isa = PBXFileReference; lastKnownFileType = sourcecode.swift; path = AppDelegate.swift; sourceTree = "<group>"; };
		BB92CDEE1FB29F34001E5BA7 /* ViewController.swift */ = {isa = PBXFileReference; lastKnownFileType = sourcecode.swift; path = ViewController.swift; sourceTree = "<group>"; };
		BB92CDF11FB29F34001E5BA7 /* Base */ = {isa = PBXFileReference; lastKnownFileType = file.storyboard; name = Base; path = Base.lproj/Main.storyboard; sourceTree = "<group>"; };
		BB92CDF41FB29F34001E5BA7 /* iOSHomework.xcdatamodel */ = {isa = PBXFileReference; lastKnownFileType = wrapper.xcdatamodel; path = iOSHomework.xcdatamodel; sourceTree = "<group>"; };
		BB92CDF61FB29F34001E5BA7 /* Assets.xcassets */ = {isa = PBXFileReference; lastKnownFileType = folder.assetcatalog; path = Assets.xcassets; sourceTree = "<group>"; };
		BB92CDF91FB29F34001E5BA7 /* Base */ = {isa = PBXFileReference; lastKnownFileType = file.storyboard; name = Base; path = Base.lproj/LaunchScreen.storyboard; sourceTree = "<group>"; };
		BB92CDFB1FB29F34001E5BA7 /* Info.plist */ = {isa = PBXFileReference; lastKnownFileType = text.plist.xml; path = Info.plist; sourceTree = "<group>"; };
		BB92CE001FB29F35001E5BA7 /* iOSHomeworkTests.xctest */ = {isa = PBXFileReference; explicitFileType = wrapper.cfbundle; includeInIndex = 0; path = iOSHomeworkTests.xctest; sourceTree = BUILT_PRODUCTS_DIR; };
		BB92CE041FB29F35001E5BA7 /* iOSHomeworkTests.swift */ = {isa = PBXFileReference; lastKnownFileType = sourcecode.swift; path = iOSHomeworkTests.swift; sourceTree = "<group>"; };
		BB92CE061FB29F35001E5BA7 /* Info.plist */ = {isa = PBXFileReference; lastKnownFileType = text.plist.xml; path = Info.plist; sourceTree = "<group>"; };
		BB92CE0B1FB29F35001E5BA7 /* iOSHomeworkUITests.xctest */ = {isa = PBXFileReference; explicitFileType = wrapper.cfbundle; includeInIndex = 0; path = iOSHomeworkUITests.xctest; sourceTree = BUILT_PRODUCTS_DIR; };
		BB92CE0F1FB29F35001E5BA7 /* iOSHomeworkUITests.swift */ = {isa = PBXFileReference; lastKnownFileType = sourcecode.swift; path = iOSHomeworkUITests.swift; sourceTree = "<group>"; };
		BB92CE111FB29F35001E5BA7 /* Info.plist */ = {isa = PBXFileReference; lastKnownFileType = text.plist.xml; path = Info.plist; sourceTree = "<group>"; };
/* End PBXFileReference section */

/* Begin PBXFrameworksBuildPhase section */
		BB92CDE61FB29F34001E5BA7 /* Frameworks */ = {
			isa = PBXFrameworksBuildPhase;
			buildActionMask = 2147483647;
			files = (
			);
			runOnlyForDeploymentPostprocessing = 0;
		};
		BB92CDFD1FB29F35001E5BA7 /* Frameworks */ = {
			isa = PBXFrameworksBuildPhase;
			buildActionMask = 2147483647;
			files = (
			);
			runOnlyForDeploymentPostprocessing = 0;
		};
		BB92CE081FB29F35001E5BA7 /* Frameworks */ = {
			isa = PBXFrameworksBuildPhase;
			buildActionMask = 2147483647;
			files = (
			);
			runOnlyForDeploymentPostprocessing = 0;
		};
/* End PBXFrameworksBuildPhase section */

/* Begin PBXGroup section */
		BB92CDE01FB29F34001E5BA7 = {
			isa = PBXGroup;
			children = (
				BB92CDEB1FB29F34001E5BA7 /* iOSHomework */,
				BB92CE031FB29F35001E5BA7 /* iOSHomeworkTests */,
				BB92CE0E1FB29F35001E5BA7 /* iOSHomeworkUITests */,
				BB92CDEA1FB29F34001E5BA7 /* Products */,
			);
			sourceTree = "<group>";
		};
		BB92CDEA1FB29F34001E5BA7 /* Products */ = {
			isa = PBXGroup;
			children = (
				BB92CDE91FB29F34001E5BA7 /* iOSHomework.app */,
				BB92CE001FB29F35001E5BA7 /* iOSHomeworkTests.xctest */,
				BB92CE0B1FB29F35001E5BA7 /* iOSHomeworkUITests.xctest */,
			);
			name = Products;
			sourceTree = "<group>";
		};
		BB92CDEB1FB29F34001E5BA7 /* iOSHomework */ = {
			isa = PBXGroup;
			children = (
				BB92CDEC1FB29F34001E5BA7 /* AppDelegate.swift */,
				BB92CDEE1FB29F34001E5BA7 /* ViewController.swift */,
				BB92CDF01FB29F34001E5BA7 /* Main.storyboard */,
				BB92CDF61FB29F34001E5BA7 /* Assets.xcassets */,
				BB92CDF81FB29F34001E5BA7 /* LaunchScreen.storyboard */,
				BB92CDFB1FB29F34001E5BA7 /* Info.plist */,
				BB92CDF31FB29F34001E5BA7 /* iOSHomework.xcdatamodeld */,
			);
			path = iOSHomework;
			sourceTree = "<group>";
		};
		BB92CE031FB29F35001E5BA7 /* iOSHomeworkTests */ = {
			isa = PBXGroup;
			children = (
				BB92CE041FB29F35001E5BA7 /* iOSHomeworkTests.swift */,
				BB92CE061FB29F35001E5BA7 /* Info.plist */,
			);
			path = iOSHomeworkTests;
			sourceTree = "<group>";
		};
		BB92CE0E1FB29F35001E5BA7 /* iOSHomeworkUITests */ = {
			isa = PBXGroup;
			children = (
				BB92CE0F1FB29F35001E5BA7 /* iOSHomeworkUITests.swift */,
				BB92CE111FB29F35001E5BA7 /* Info.plist */,
			);
			path = iOSHomeworkUITests;
			sourceTree = "<group>";
		};
/* End PBXGroup section */

/* Begin PBXNativeTarget section */
		BB92CDE81FB29F34001E5BA7 /* iOSHomework */ = {
			isa = PBXNativeTarget;
			buildConfigurationList = BB92CE141FB29F35001E5BA7 /* Build configuration list for PBXNativeTarget "iOSHomework" */;
			buildPhases = (
				BB92CDE51FB29F34001E5BA7 /* Sources */,
				BB92CDE61FB29F34001E5BA7 /* Frameworks */,
				BB92CDE71FB29F34001E5BA7 /* Resources */,
			);
			buildRules = (
			);
			dependencies = (
			);
			name = iOSHomework;
			productName = iOSHomework;
			productReference = BB92CDE91FB29F34001E5BA7 /* iOSHomework.app */;
			productType = "com.apple.product-type.application";
		};
		BB92CDFF1FB29F35001E5BA7 /* iOSHomeworkTests */ = {
			isa = PBXNativeTarget;
			buildConfigurationList = BB92CE171FB29F35001E5BA7 /* Build configuration list for PBXNativeTarget "iOSHomeworkTests" */;
			buildPhases = (
				BB92CDFC1FB29F35001E5BA7 /* Sources */,
				BB92CDFD1FB29F35001E5BA7 /* Frameworks */,
				BB92CDFE1FB29F35001E5BA7 /* Resources */,
			);
			buildRules = (
			);
			dependencies = (
				BB92CE021FB29F35001E5BA7 /* PBXTargetDependency */,
			);
			name = iOSHomeworkTests;
			productName = iOSHomeworkTests;
			productReference = BB92CE001FB29F35001E5BA7 /* iOSHomeworkTests.xctest */;
			productType = "com.apple.product-type.bundle.unit-test";
		};
		BB92CE0A1FB29F35001E5BA7 /* iOSHomeworkUITests */ = {
			isa = PBXNativeTarget;
			buildConfigurationList = BB92CE1A1FB29F35001E5BA7 /* Build configuration list for PBXNativeTarget "iOSHomeworkUITests" */;
			buildPhases = (
				BB92CE071FB29F35001E5BA7 /* Sources */,
				BB92CE081FB29F35001E5BA7 /* Frameworks */,
				BB92CE091FB29F35001E5BA7 /* Resources */,
			);
			buildRules = (
			);
			dependencies = (
				BB92CE0D1FB29F35001E5BA7 /* PBXTargetDependency */,
			);
			name = iOSHomeworkUITests;
			productName = iOSHomeworkUITests;
			productReference = BB92CE0B1FB29F35001E5BA7 /* iOSHomeworkUITests.xctest */;
			productType = "com.apple.product-type.bundle.ui-testing";
		};
/* End PBXNativeTarget section */

/* Begin PBXProject section */
		BB92CDE11FB29F34001E5BA7 /* Project object */ = {
			isa = PBXProject;
			attributes = {
				LastSwiftUpdateCheck = 0920;
				LastUpgradeCheck = 0920;
				ORGANIZATIONNAME = LCC;
				TargetAttributes = {
					BB92CDE81FB29F34001E5BA7 = {
						CreatedOnToolsVersion = 9.2;
						ProvisioningStyle = Automatic;
					};
					BB92CDFF1FB29F35001E5BA7 = {
						CreatedOnToolsVersion = 9.2;
						ProvisioningStyle = Automatic;
						TestTargetID = BB92CDE81FB29F34001E5BA7;
					};
					BB92CE0A1FB29F35001E5BA7 = {
						CreatedOnToolsVersion = 9.2;
						ProvisioningStyle = Automatic;
						TestTargetID = BB92CDE81FB29F34001E5BA7;
					};
				};
			};
			buildConfigurationList = BB92CDE41FB29F34001E5BA7 /* Build configuration list for PBXProject "iOSHomework" */;
			compatibilityVersion = "Xcode 8.0";
			developmentRegion = en;
			hasScannedForEncodings = 0;
			knownRegions = (
				en,
				Base,
			);
			mainGroup = BB92CDE01FB29F34001E5BA7;
			productRefGroup = BB92CDEA1FB29F34001E5BA7 /* Products */;
			projectDirPath = "";
			projectRoot = "";
			targets = (
				BB92CDE81FB29F34001E5BA7 /* iOSHomework */,
				BB92CDFF1FB29F35001E5BA7 /* iOSHomeworkTests */,
				BB92CE0A1FB29F35001E5BA7 /* iOSHomeworkUITests */,
			);
		};
/* End PBXProject section */

/* Begin PBXResourcesBuildPhase section */
		BB92CDE71FB29F34001E5BA7 /* Resources */ = {
			isa = PBXResourcesBuildPhase;
			buildActionMask = 2147483647;
			files = (
				BB92CDFA1FB29F34001E5BA7 /* LaunchScreen.storyboard in Resources */,
				BB92CDF71FB29F34001E5BA7 /* Assets.xcassets in Resources */,
				BB92CDF21FB29F34001E5BA7 /* Main.storyboard in Resources */,
			);
			runOnlyForDeploymentPostprocessing = 0;
		};
		BB92CDFE1FB29F35001E5BA7 /* Resources */ = {
			isa = PBXResourcesBuildPhase;
			buildActionMask = 2147483647;
			files = (
			);
			runOnlyForDeploymentPostprocessing = 0;
		};
		BB92CE091FB29F35001E5BA7 /* Resources */ = {
			isa = PBXResourcesBuildPhase;
			buildActionMask = 2147483647;
			files = (
			);
			runOnlyForDeploymentPostprocessing = 0;
		};
/* End PBXResourcesBuildPhase section */

/* Begin PBXSourcesBuildPhase section */
		BB92CDE51FB29F34001E5BA7 /* Sources */ = {
			isa = PBXSourcesBuildPhase;
			buildActionMask = 2147483647;
			files = (
				BB92CDF51FB29F34001E5BA7 /* iOSHomework.xcdatamodeld in Sources */,
				BB92CDEF1FB29F34001E5BA7 /* ViewController.swift in Sources */,
				BB92CDED1FB29F34001E5BA7 /* AppDelegate.swift in Sources */,
			);
			runOnlyForDeploymentPostprocessing = 0;
		};
		BB92CDFC1FB29F35001E5BA7 /* Sources */ = {
			isa = PBXSourcesBuildPhase;
			buildActionMask = 2147483647;
			files = (
				BB92CE051FB29F35001E5BA7 /* iOSHomeworkTests.swift in Sources */,
			);
			runOnlyForDeploymentPostprocessing = 0;
		};
		BB92CE071FB29F35001E5BA7 /* Sources */ = {
			isa = PBXSourcesBuildPhase;
			buildActionMask = 2147483647;
			files = (
				BB92CE101FB29F35001E5BA7 /* iOSHomeworkUITests.swift in Sources */,
			);
			runOnlyForDeploymentPostprocessing = 0;
		};
/* End PBXSourcesBuildPhase section */

/* Begin PBXTargetDependency section */
		BB92CE021FB29F35001E5BA7 /* PBXTargetDependency */ = {
			isa = PBXTargetDependency;
			target = BB92CDE81FB29F34001E5BA7 /* iOSHomework */;
			targetProxy = BB92CE011FB29F35001E5BA7 /* PBXContainerItemProxy */;
		};
		BB92CE0D1FB29F35001E5BA7 /* PBXTargetDependency */ = {
			isa = PBXTargetDependency;
			target = BB92CDE81FB29F34001E5BA7 /* iOSHomework */;
			targetProxy = BB92CE0C1FB29F35001E5BA7 /* PBXContainerItemProxy */;
		};
/* End PBXTargetDependency section */

/* Begin PBXVariantGroup section */
		BB92CDF01FB29F34001E5BA7 /* Main.storyboard */ = {
			isa = PBXVariantGroup;
			children = (
				BB92CDF11FB29F34001E5BA7 /* Base */,
			);
			name = Main.storyboard;
			sourceTree = "<group>";
		};
		BB92CDF81FB29F34001E5BA7 /* LaunchScreen.storyboard */ = {
			isa = PBXVariantGroup;
			children = (
				BB92CDF91FB29F34001E5BA7 /* Base */,
			);
			name = LaunchScreen.storyboard;
			sourceTree = "<group>";
		};
/* End PBXVariantGroup section */

/* Begin XCBuildConfiguration section */
		BB92CE121FB29F35001E5BA7 /* Debug */ = {
			isa = XCBuildConfiguration;
			buildSettings = {
				ALWAYS_SEARCH_USER_PATHS = NO;
				CLANG_ANALYZER_NONNULL = YES;
				CLANG_ANALYZER_NUMBER_OBJECT_CONVERSION = YES_AGGRESSIVE;
				CLANG_CXX_LANGUAGE_STANDARD = "gnu++14";
				CLANG_CXX_LIBRARY = "libc++";
				CLANG_ENABLE_MODULES = YES;
				CLANG_ENABLE_OBJC_ARC = YES;
				CLANG_WARN_BLOCK_CAPTURE_AUTORELEASING = YES;
				CLANG_WARN_BOOL_CONVERSION = YES;
				CLANG_WARN_COMMA = YES;
				CLANG_WARN_CONSTANT_CONVERSION = YES;
				CLANG_WARN_DIRECT_OBJC_ISA_USAGE = YES_ERROR;
				CLANG_WARN_DOCUMENTATION_COMMENTS = YES;
				CLANG_WARN_EMPTY_BODY = YES;
				CLANG_WARN_ENUM_CONVERSION = YES;
				CLANG_WARN_INFINITE_RECURSION = YES;
				CLANG_WARN_INT_CONVERSION = YES;
				CLANG_WARN_NON_LITERAL_NULL_CONVERSION = YES;
				CLANG_WARN_OBJC_LITERAL_CONVERSION = YES;
				CLANG_WARN_OBJC_ROOT_CLASS = YES_ERROR;
				CLANG_WARN_RANGE_LOOP_ANALYSIS = YES;
				CLANG_WARN_STRICT_PROTOTYPES = YES;
				CLANG_WARN_SUSPICIOUS_MOVE = YES;
				CLANG_WARN_UNGUARDED_AVAILABILITY = YES_AGGRESSIVE;
				CLANG_WARN_UNREACHABLE_CODE = YES;
				CLANG_WARN__DUPLICATE_METHOD_MATCH = YES;
				CODE_SIGN_IDENTITY = "iPhone Developer";
				COPY_PHASE_STRIP = NO;
				DEBUG_INFORMATION_FORMAT = dwarf;
				ENABLE_STRICT_OBJC_MSGSEND = YES;
				ENABLE_TESTABILITY = YES;
				GCC_C_LANGUAGE_STANDARD = gnu11;
				GCC_DYNAMIC_NO_PIC = NO;
				GCC_NO_COMMON_BLOCKS = YES;
				GCC_OPTIMIZATION_LEVEL = 0;
				GCC_PREPROCESSOR_DEFINITIONS = (
					"DEBUG=1",
					"$(inherited)",
				);
				GCC_WARN_64_TO_32_BIT_CONVERSION = YES;
				GCC_WARN_ABOUT_RETURN_TYPE = YES_ERROR;
				GCC_WARN_UNDECLARED_SELECTOR = YES;
				GCC_WARN_UNINITIALIZED_AUTOS = YES_AGGRESSIVE;
				GCC_WARN_UNUSED_FUNCTION = YES;
				GCC_WARN_UNUSED_VARIABLE = YES;
				IPHONEOS_DEPLOYMENT_TARGET = 11.2;
				MTL_ENABLE_DEBUG_INFO = YES;
				ONLY_ACTIVE_ARCH = YES;
				SDKROOT = iphoneos;
				SWIFT_ACTIVE_COMPILATION_CONDITIONS = DEBUG;
				SWIFT_OPTIMIZATION_LEVEL = "-Onone";
			};
			name = Debug;
		};
		BB92CE131FB29F35001E5BA7 /* Release */ = {
			isa = XCBuildConfiguration;
			buildSettings = {
				ALWAYS_SEARCH_USER_PATHS = NO;
				CLANG_ANALYZER_NONNULL = YES;
				CLANG_ANALYZER_NUMBER_OBJECT_CONVERSION = YES_AGGRESSIVE;
				CLANG_CXX_LANGUAGE_STANDARD = "gnu++14";
				CLANG_CXX_LIBRARY = "libc++";
				CLANG_ENABLE_MODULES = YES;
				CLANG_ENABLE_OBJC_ARC = YES;
				CLANG_WARN_BLOCK_CAPTURE_AUTORELEASING = YES;
				CLANG_WARN_BOOL_CONVERSION = YES;
				CLANG_WARN_COMMA = YES;
				CLANG_WARN_CONSTANT_CONVERSION = YES;
				CLANG_WARN_DIRECT_OBJC_ISA_USAGE = YES_ERROR;
				CLANG_WARN_DOCUMENTATION_COMMENTS = YES;
				CLANG_WARN_EMPTY_BODY = YES;
				CLANG_WARN_ENUM_CONVERSION = YES;
				CLANG_WARN_INFINITE_RECURSION = YES;
				CLANG_WARN_INT_CONVERSION = YES;
				CLANG_WARN_NON_LITERAL_NULL_CONVERSION = YES;
				CLANG_WARN_OBJC_LITERAL_CONVERSION = YES;
				CLANG_WARN_OBJC_ROOT_CLASS = YES_ERROR;
				CLANG_WARN_RANGE_LOOP_ANALYSIS = YES;
				CLANG_WARN_STRICT_PROTOTYPES = YES;
				CLANG_WARN_SUSPICIOUS_MOVE = YES;
				CLANG_WARN_UNGUARDED_AVAILABILITY = YES_AGGRESSIVE;
				CLANG_WARN_UNREACHABLE_CODE = YES;
				CLANG_WARN__DUPLICATE_METHOD_MATCH = YES;
				CODE_SIGN_IDENTITY = "iPhone Developer";
				COPY_PHASE_STRIP = NO;
				DEBUG_INFORMATION_FORMAT = "dwarf-with-dsym";
				ENABLE_NS_ASSERTIONS = NO;
				ENABLE_STRICT_OBJC_MSGSEND = YES;
				GCC_C_LANGUAGE_STANDARD = gnu11;
				GCC_NO_COMMON_BLOCKS = YES;
				GCC_WARN_64_TO_32_BIT_CONVERSION = YES;
				GCC_WARN_ABOUT_RETURN_TYPE = YES_ERROR;
				GCC_WARN_UNDECLARED_SELECTOR = YES;
				GCC_WARN_UNINITIALIZED_AUTOS = YES_AGGRESSIVE;
				GCC_WARN_UNUSED_FUNCTION = YES;
				GCC_WARN_UNUSED_VARIABLE = YES;
				IPHONEOS_DEPLOYMENT_TARGET = 11.2;
				MTL_ENABLE_DEBUG_INFO = NO;
				SDKROOT = iphoneos;
				SWIFT_OPTIMIZATION_LEVEL = "-Owholemodule";
				VALIDATE_PRODUCT = YES;
			};
			name = Release;
		};
		BB92CE151FB29F35001E5BA7 /* Debug */ = {
			isa = XCBuildConfiguration;
			buildSettings = {
				ASSETCATALOG_COMPILER_APPICON_NAME = AppIcon;
				CODE_SIGN_STYLE = Automatic;
				DEVELOPMENT_TEAM = VZJHX8LXGH;
				INFOPLIST_FILE = iOSHomework/Info.plist;
				LD_RUNPATH_SEARCH_PATHS = "$(inherited) @executable_path/Frameworks";
				PRODUCT_BUNDLE_IDENTIFIER = cn.lcc.iOSHomework;
				PRODUCT_NAME = "$(TARGET_NAME)";
				SWIFT_VERSION = 4.0;
				TARGETED_DEVICE_FAMILY = "1,2";
			};
			name = Debug;
		};
		BB92CE161FB29F35001E5BA7 /* Release */ = {
			isa = XCBuildConfiguration;
			buildSettings = {
				ASSETCATALOG_COMPILER_APPICON_NAME = AppIcon;
				CODE_SIGN_STYLE = Automatic;
				DEVELOPMENT_TEAM = VZJHX8LXGH;
				INFOPLIST_FILE = iOSHomework/Info.plist;
				LD_RUNPATH_SEARCH_PATHS = "$(inherited) @executable_path/Frameworks";
				PRODUCT_BUNDLE_IDENTIFIER = cn.lcc.iOSHomework;
				PRODUCT_NAME = "$(TARGET_NAME)";
				SWIFT_VERSION = 4.0;
				TARGETED_DEVICE_FAMILY = "1,2";
			};
			name = Release;
		};
		BB92CE181FB29F35001E5BA7 /* Debug */ = {
			isa = XCBuildConfiguration;
			buildSettings = {
				ALWAYS_EMBED_SWIFT_STANDARD_LIBRARIES = YES;
				BUNDLE_LOADER = "$(TEST_HOST)";
				CODE_SIGN_STYLE = Automatic;
				DEVELOPMENT_TEAM = VZJHX8LXGH;
				INFOPLIST_FILE = iOSHomeworkTests/Info.plist;
				LD_RUNPATH_SEARCH_PATHS = "$(inherited) @executable_path/Frameworks @loader_path/Frameworks";
				PRODUCT_BUNDLE_IDENTIFIER = cn.lcc.iOSHomeworkTests;
				PRODUCT_NAME = "$(TARGET_NAME)";
				SWIFT_VERSION = 4.0;
				TARGETED_DEVICE_FAMILY = "1,2";
				TEST_HOST = "$(BUILT_PRODUCTS_DIR)/iOSHomework.app/iOSHomework";
			};
			name = Debug;
		};
		BB92CE191FB29F35001E5BA7 /* Release */ = {
			isa = XCBuildConfiguration;
			buildSettings = {
				ALWAYS_EMBED_SWIFT_STANDARD_LIBRARIES = YES;
				BUNDLE_LOADER = "$(TEST_HOST)";
				CODE_SIGN_STYLE = Automatic;
				DEVELOPMENT_TEAM = VZJHX8LXGH;
				INFOPLIST_FILE = iOSHomeworkTests/Info.plist;
				LD_RUNPATH_SEARCH_PATHS = "$(inherited) @executable_path/Frameworks @loader_path/Frameworks";
				PRODUCT_BUNDLE_IDENTIFIER = cn.lcc.iOSHomeworkTests;
				PRODUCT_NAME = "$(TARGET_NAME)";
				SWIFT_VERSION = 4.0;
				TARGETED_DEVICE_FAMILY = "1,2";
				TEST_HOST = "$(BUILT_PRODUCTS_DIR)/iOSHomework.app/iOSHomework";
			};
			name = Release;
		};
		BB92CE1B1FB29F35001E5BA7 /* Debug */ = {
			isa = XCBuildConfiguration;
			buildSettings = {
				ALWAYS_EMBED_SWIFT_STANDARD_LIBRARIES = YES;
				CODE_SIGN_STYLE = Automatic;
				DEVELOPMENT_TEAM = VZJHX8LXGH;
				INFOPLIST_FILE = iOSHomeworkUITests/Info.plist;
				LD_RUNPATH_SEARCH_PATHS = "$(inherited) @executable_path/Frameworks @loader_path/Frameworks";
				PRODUCT_BUNDLE_IDENTIFIER = cn.lcc.iOSHomeworkUITests;
				PRODUCT_NAME = "$(TARGET_NAME)";
				SWIFT_VERSION = 4.0;
				TARGETED_DEVICE_FAMILY = "1,2";
				TEST_TARGET_NAME = iOSHomework;
			};
			name = Debug;
		};
		BB92CE1C1FB29F35001E5BA7 /* Release */ = {
			isa = XCBuildConfiguration;
			buildSettings = {
				ALWAYS_EMBED_SWIFT_STANDARD_LIBRARIES = YES;
				CODE_SIGN_STYLE = Automatic;
				DEVELOPMENT_TEAM = VZJHX8LXGH;
				INFOPLIST_FILE = iOSHomeworkUITests/Info.plist;
				LD_RUNPATH_SEARCH_PATHS = "$(inherited) @executable_path/Frameworks @loader_path/Frameworks";
				PRODUCT_BUNDLE_IDENTIFIER = cn.lcc.iOSHomeworkUITests;
				PRODUCT_NAME = "$(TARGET_NAME)";
				SWIFT_VERSION = 4.0;
				TARGETED_DEVICE_FAMILY = "1,2";
				TEST_TARGET_NAME = iOSHomework;
			};
			name = Release;
		};
/* End XCBuildConfiguration section */

/* Begin XCConfigurationList section */
		BB92CDE41FB29F34001E5BA7 /* Build configuration list for PBXProject "iOSHomework" */ = {
			isa = XCConfigurationList;
			buildConfigurations = (
				BB92CE121FB29F35001E5BA7 /* Debug */,
				BB92CE131FB29F35001E5BA7 /* Release */,
			);
			defaultConfigurationIsVisible = 0;
			defaultConfigurationName = Release;
		};
		BB92CE141FB29F35001E5BA7 /* Build configuration list for PBXNativeTarget "iOSHomework" */ = {
			isa = XCConfigurationList;
			buildConfigurations = (
				BB92CE151FB29F35001E5BA7 /* Debug */,
				BB92CE161FB29F35001E5BA7 /* Release */,
			);
			defaultConfigurationIsVisible = 0;
			defaultConfigurationName = Release;
		};
		BB92CE171FB29F35001E5BA7 /* Build configuration list for PBXNativeTarget "iOSHomeworkTests" */ = {
			isa = XCConfigurationList;
			buildConfigurations = (
				BB92CE181FB29F35001E5BA7 /* Debug */,
				BB92CE191FB29F35001E5BA7 /* Release */,
			);
			defaultConfigurationIsVisible = 0;
			defaultConfigurationName = Release;
		};
		BB92CE1A1FB29F35001E5BA7 /* Build configuration list for PBXNativeTarget "iOSHomeworkUITests" */ = {
			isa = XCConfigurationList;
			buildConfigurations = (
				BB92CE1B1FB29F35001E5BA7 /* Debug */,
				BB92CE1C1FB29F35001E5BA7 /* Release */,
			);
			defaultConfigurationIsVisible = 0;
			defaultConfigurationName = Release;
		};
/* End XCConfigurationList section */

/* Begin XCVersionGroup section */
		BB92CDF31FB29F34001E5BA7 /* iOSHomework.xcdatamodeld */ = {
			isa = XCVersionGroup;
			children = (
				BB92CDF41FB29F34001E5BA7 /* iOSHomework.xcdatamodel */,
			);
			currentVersion = BB92CDF41FB29F34001E5BA7 /* iOSHomework.xcdatamodel */;
			path = iOSHomework.xcdatamodeld;
			sourceTree = "<group>";
			versionGroupType = wrapper.xcdatamodel;
		};
/* End XCVersionGroup section */
	};
	rootObject = BB92CDE11FB29F34001E5BA7 /* Project object */;
}
